
Microsoft Visual Studio Solution File, Format Version 11.00
# Visual Studio 2010
Project("{8BC9CEB8-8B4A-11D0-8D11-00A0C91BC942}") = "VerificationCode", "VerificationCode\VerificationCode.vcxproj", "{B6437383-E332-437F-A3E3-4AB308281FD2}"
EndProject
Project("{8BC9CEB8-8B4A-11D0-8D11-00A0C91BC942}") = "VerificationCodeCaller", "VerificationCodeCaller\VerificationCodeCaller.vcxproj", "{7E905F52-4493-4629-9723-A2D21660A4B7}"
	ProjectSection(ProjectDependencies) = postProject
		{B6437383-E332-437F-A3E3-4AB308281FD2} = {B6437383-E332-437F-A3E3-4AB308281FD2}
	EndProjectSection
EndProject
Project("{8BC9CEB8-8B4A-11D0-8D11-00A0C91BC942}") = "OCR", "OCR\OCR.vcxproj", "{1F2E99A7-F5AD-410E-9957-52700CF802A2}"
EndProject
Global
	GlobalSection(SolutionConfigurationPlatforms) = preSolution
		Debug|Win32 = Debug|Win32
		Release|Win32 = Release|Win32
	EndGlobalSection
	GlobalSection(ProjectConfigurationPlatforms) = postSolution
		{B6437383-E332-437F-A3E3-4AB308281FD2}.Debug|Win32.ActiveCfg = Debug|Win32
		{B6437383-E332-437F-A3E3-4AB308281FD2}.Debug|Win32.Build.0 = Debug|Win32
		{B6437383-E332-437F-A3E3-4AB308281FD2}.Release|Win32.ActiveCfg = Release|Win32
		{B6437383-E332-437F-A3E3-4AB308281FD2}.Release|Win32.Build.0 = Release|Win32
		{7E905F52-4493-4629-9723-A2D21660A4B7}.Debug|Win32.ActiveCfg = Debug|Win32
		{7E905F52-4493-4629-9723-A2D21660A4B7}.Debug|Win32.Build.0 = Debug|Win32
		{7E905F52-4493-4629-9723-A2D21660A4B7}.Release|Win32.ActiveCfg = Release|Win32
		{7E905F52-4493-4629-9723-A2D21660A4B7}.Release|Win32.Build.0 = Release|Win32
		{1F2E99A7-F5AD-410E-9957-52700CF802A2}.Debug|Win32.ActiveCfg = Debug|Win32
		{1F2E99A7-F5AD-410E-9957-52700CF802A2}.Debug|Win32.Build.0 = Debug|Win32
		{1F2E99A7-F5AD-410E-9957-52700CF802A2}.Release|Win32.ActiveCfg = Release|Win32
		{1F2E99A7-F5AD-410E-9957-52700CF802A2}.Release|Win32.Build.0 = Release|Win32
	EndGlobalSection
	GlobalSection(SolutionProperties) = preSolution
		HideSolutionNode = FALSE
	EndGlobalSection
EndGlobal
